
Microsoft Visual Studio Solution File, Format Version 12.00
# Visual Studio Version 16
VisualStudioVersion = 16.0.31729.503
MinimumVisualStudioVersion = 10.0.40219.1
Project("{FAE04EC0-301F-11D3-BF4B-00C04F79EFBC}") = "Tema curs 5", "Tema curs 5\Tema curs 5.csproj", "{EF82646F-4A7B-4945-B704-C212D0705D15}"
EndProject
Global
	GlobalSection(SolutionConfigurationPlatforms) = preSolution
		Debug|Any CPU = Debug|Any CPU
		Release|Any CPU = Release|Any CPU
	EndGlobalSection
	GlobalSection(ProjectConfigurationPlatforms) = postSolution
		{EF82646F-4A7B-4945-B704-C212D0705D15}.Debug|Any CPU.ActiveCfg = Debug|Any CPU
		{EF82646F-4A7B-4945-B704-C212D0705D15}.Debug|Any CPU.Build.0 = Debug|Any CPU
		{EF82646F-4A7B-4945-B704-C212D0705D15}.Release|Any CPU.ActiveCfg = Release|Any CPU
		{EF82646F-4A7B-4945-B704-C212D0705D15}.Release|Any CPU.Build.0 = Release|Any CPU
	EndGlobalSection
	GlobalSection(SolutionProperties) = preSolution
		HideSolutionNode = FALSE
	EndGlobalSection
	GlobalSection(ExtensibilityGlobals) = postSolution
		SolutionGuid = {A6985D1C-DB43-4705-AEC0-B30F2214A57B}
	EndGlobalSection
EndGlobal
